PODS:
  - Alamofire (4.9.1)
  - AlertToast (1.3.9)
  - ObjectMapper (4.2.0)
  - SDWebImage (5.18.0):
    - SDWebImage/Core (= 5.18.0)
  - SDWebImage/Core (5.18.0)
  - SDWebImageSwiftUI (2.2.3):
    - SDWebImage (~> 5.10)
  - SwiftyJSON (4.3.0)

DEPENDENCIES:
  - Alamofire (~> 4.0)
  - AlertToast
  - ObjectMapper
  - SDWebImageSwiftUI
  - SwiftyJSON (~> 4.0)

SPEC REPOS:
  trunk:
    - Alamofire
    - AlertToast
    - ObjectMapper
    - SDWebImage
    - SDWebImageSwiftUI
    - SwiftyJSON

SPEC CHECKSUMS:
  Alamofire: 85e8a02c69d6020a0d734f6054870d7ecb75cf18
  AlertToast: e8db15da727beff75500bcf33a78cd617f408fa1
  ObjectMapper: 1eb41f610210777375fa806bf161dc39fb832b81
  SDWebImage: 182830bcddc30cde95fbc60dfe4badc3553d94ba
  SDWebImageSwiftUI: 17396b7889f9abc27231caaeb64c537564284aab
  SwiftyJSON: 6faa0040f8b59dead0ee07436cbf76b73c08fd08

PODFILE CHECKSUM: 87535e84d015a91af85361fce938c840ec4dc945

COCOAPODS: 1.12.1
