// !$*UTF8*$!
{
	archiveVersion = 1;
	classes = {
	};
	objectVersion = 55;
	objects = {

/* Begin PBXBuildFile section */
		346EA8E688090F0ED6D3856B /* Pods_Invest_TrialTests.framework in Frameworks */ = {isa = PBXBuildFile; fileRef = D1B5C604132924B7DE2CC792 /* Pods_Invest_TrialTests.framework */; };
		860B50FE0ADDC9C5195CE35B /* Pods_Invest_Trial.framework in Frameworks */ = {isa = PBXBuildFile; fileRef = BCDC9CC3FC433B5C37B5B87B /* Pods_Invest_Trial.framework */; };
		90260BA12AC17124001269D9 /* Invest_TrialApp.swift in Sources */ = {isa = PBXBuildFile; fileRef = 90260BA02AC17124001269D9 /* Invest_TrialApp.swift */; };
		90260BA32AC17124001269D9 /* ContentView.swift in Sources */ = {isa = PBXBuildFile; fileRef = 90260BA22AC17124001269D9 /* ContentView.swift */; };
		90260BA52AC17127001269D9 /* Assets.xcassets in Resources */ = {isa = PBXBuildFile; fileRef = 90260BA42AC17127001269D9 /* Assets.xcassets */; };
		90260BA82AC17127001269D9 /* Preview Assets.xcassets in Resources */ = {isa = PBXBuildFile; fileRef = 90260BA72AC17127001269D9 /* Preview Assets.xcassets */; };
		90260BAA2AC17127001269D9 /* Persistence.swift in Sources */ = {isa = PBXBuildFile; fileRef = 90260BA92AC17127001269D9 /* Persistence.swift */; };
		90260BAD2AC17127001269D9 /* Invest_Trial.xcdatamodeld in Sources */ = {isa = PBXBuildFile; fileRef = 90260BAB2AC17127001269D9 /* Invest_Trial.xcdatamodeld */; };
		90260BB72AC17127001269D9 /* Invest_TrialTests.swift in Sources */ = {isa = PBXBuildFile; fileRef = 90260BB62AC17127001269D9 /* Invest_TrialTests.swift */; };
		90260BC12AC17127001269D9 /* Invest_TrialUITests.swift in Sources */ = {isa = PBXBuildFile; fileRef = 90260BC02AC17127001269D9 /* Invest_TrialUITests.swift */; };
		90260BC32AC17127001269D9 /* Invest_TrialUITestsLaunchTests.swift in Sources */ = {isa = PBXBuildFile; fileRef = 90260BC22AC17127001269D9 /* Invest_TrialUITestsLaunchTests.swift */; };
		90260BD92AC176D2001269D9 /* Constant.swift in Sources */ = {isa = PBXBuildFile; fileRef = 90260BD82AC176D2001269D9 /* Constant.swift */; };
		90260BDB2AC17ACA001269D9 /* Colors.xcassets in Resources */ = {isa = PBXBuildFile; fileRef = 90260BDA2AC17ACA001269D9 /* Colors.xcassets */; };
		90260BDE2AC17B35001269D9 /* ColorsEx.swift in Sources */ = {isa = PBXBuildFile; fileRef = 90260BDD2AC17B35001269D9 /* ColorsEx.swift */; };
		90260BE22AC1938B001269D9 /* NavigationTopView.swift in Sources */ = {isa = PBXBuildFile; fileRef = 90260BE12AC1938B001269D9 /* NavigationTopView.swift */; };
		90260BE42AC19482001269D9 /* ImageEx.swift in Sources */ = {isa = PBXBuildFile; fileRef = 90260BE32AC19482001269D9 /* ImageEx.swift */; };
		902657D72AC40D7100A98C97 /* BestPlansCvw.swift in Sources */ = {isa = PBXBuildFile; fileRef = 902657D62AC40D7100A98C97 /* BestPlansCvw.swift */; };
		902657D92AC41BF700A98C97 /* InvestGuideCvw.swift in Sources */ = {isa = PBXBuildFile; fileRef = 902657D82AC41BF700A98C97 /* InvestGuideCvw.swift */; };
		903D472B2AC5503000A69262 /* ApiClient.swift in Sources */ = {isa = PBXBuildFile; fileRef = 903D472A2AC5503000A69262 /* ApiClient.swift */; };
		903D472E2AC5509D00A69262 /* HttpNetworkRoute.swift in Sources */ = {isa = PBXBuildFile; fileRef = 903D472D2AC5509D00A69262 /* HttpNetworkRoute.swift */; };
		903D47302AC551E900A69262 /* Resource.swift in Sources */ = {isa = PBXBuildFile; fileRef = 903D472F2AC551E900A69262 /* Resource.swift */; };
		903D47322AC554C300A69262 /* BaseModel.swift in Sources */ = {isa = PBXBuildFile; fileRef = 903D47312AC554C300A69262 /* BaseModel.swift */; };
		903D47342AC5558500A69262 /* UserDefaultsEx.swift in Sources */ = {isa = PBXBuildFile; fileRef = 903D47332AC5558500A69262 /* UserDefaultsEx.swift */; };
		903D47362AC555E200A69262 /* LoginVm.swift in Sources */ = {isa = PBXBuildFile; fileRef = 903D47352AC555E200A69262 /* LoginVm.swift */; };
		903D47382AC5564600A69262 /* RegisterVm.swift in Sources */ = {isa = PBXBuildFile; fileRef = 903D47372AC5564600A69262 /* RegisterVm.swift */; };
		903D473A2AC558FB00A69262 /* RegisterMapModel.swift in Sources */ = {isa = PBXBuildFile; fileRef = 903D47392AC558FB00A69262 /* RegisterMapModel.swift */; };
		903D473E2AC55C1D00A69262 /* LoginVw.swift in Sources */ = {isa = PBXBuildFile; fileRef = 903D473D2AC55C1D00A69262 /* LoginVw.swift */; };
		903D47422AC5774500A69262 /* InvestVm.swift in Sources */ = {isa = PBXBuildFile; fileRef = 903D47412AC5774500A69262 /* InvestVm.swift */; };
		903D47442AC5825E00A69262 /* InvestModel.swift in Sources */ = {isa = PBXBuildFile; fileRef = 903D47432AC5825E00A69262 /* InvestModel.swift */; };
		905CE5F22AC44142004C04B5 /* HomeDetailVw.swift in Sources */ = {isa = PBXBuildFile; fileRef = 905CE5E62AC44142004C04B5 /* HomeDetailVw.swift */; };
		905CE5F32AC44142004C04B5 /* ProfileVc.swift in Sources */ = {isa = PBXBuildFile; fileRef = 905CE5E82AC44142004C04B5 /* ProfileVc.swift */; };
		905CE5F42AC44142004C04B5 /* BankVc.swift in Sources */ = {isa = PBXBuildFile; fileRef = 905CE5E92AC44142004C04B5 /* BankVc.swift */; };
		905CE5F52AC44142004C04B5 /* EditInfoVc.swift in Sources */ = {isa = PBXBuildFile; fileRef = 905CE5EA2AC44142004C04B5 /* EditInfoVc.swift */; };
		905CE5F62AC44142004C04B5 /* ProfileSubVc.swift in Sources */ = {isa = PBXBuildFile; fileRef = 905CE5EB2AC44142004C04B5 /* ProfileSubVc.swift */; };
		905CE5F72AC44142004C04B5 /* HomeVc.swift in Sources */ = {isa = PBXBuildFile; fileRef = 905CE5EC2AC44142004C04B5 /* HomeVc.swift */; };
		905CE5F82AC44142004C04B5 /* SignupVc.swift in Sources */ = {isa = PBXBuildFile; fileRef = 905CE5EF2AC44142004C04B5 /* SignupVc.swift */; };
		905CE5F92AC44142004C04B5 /* CommonVc.swift in Sources */ = {isa = PBXBuildFile; fileRef = 905CE5F12AC44142004C04B5 /* CommonVc.swift */; };
		905CE5FB2AC44408004C04B5 /* NotificationVw.swift in Sources */ = {isa = PBXBuildFile; fileRef = 905CE5FA2AC44408004C04B5 /* NotificationVw.swift */; };
		905CE6002AC444AF004C04B5 /* NotificationTvw.swift in Sources */ = {isa = PBXBuildFile; fileRef = 905CE5FF2AC444AF004C04B5 /* NotificationTvw.swift */; };
		905CE6022AC45855004C04B5 /* BankListVw.swift in Sources */ = {isa = PBXBuildFile; fileRef = 905CE6012AC45855004C04B5 /* BankListVw.swift */; };
		905CE6042AC459DA004C04B5 /* BankListTvw.swift in Sources */ = {isa = PBXBuildFile; fileRef = 905CE6032AC459DA004C04B5 /* BankListTvw.swift */; };
		905F83152AC5AC1E002BA6F8 /* ShowAlertVws.swift in Sources */ = {isa = PBXBuildFile; fileRef = 905F83142AC5AC1E002BA6F8 /* ShowAlertVws.swift */; };
		90C906722AC2A0C50031C1B0 /* ProfileModel.swift in Sources */ = {isa = PBXBuildFile; fileRef = 90C906712AC2A0C40031C1B0 /* ProfileModel.swift */; };
		90E285502AC308900026C1CA /* DMSans-Regular.ttf in Resources */ = {isa = PBXBuildFile; fileRef = 90E285492AC308900026C1CA /* DMSans-Regular.ttf */; };
		90E285512AC308900026C1CA /* DMSans-Medium.ttf in Resources */ = {isa = PBXBuildFile; fileRef = 90E2854A2AC308900026C1CA /* DMSans-Medium.ttf */; };
		90E285522AC308900026C1CA /* DMSans-Bold.ttf in Resources */ = {isa = PBXBuildFile; fileRef = 90E2854B2AC308900026C1CA /* DMSans-Bold.ttf */; };
		90E285532AC308900026C1CA /* DMSans-BoldItalic.ttf in Resources */ = {isa = PBXBuildFile; fileRef = 90E2854C2AC308900026C1CA /* DMSans-BoldItalic.ttf */; };
		90E285542AC308900026C1CA /* OFL.txt in Resources */ = {isa = PBXBuildFile; fileRef = 90E2854D2AC308900026C1CA /* OFL.txt */; };
		90E285552AC308900026C1CA /* DMSans-MediumItalic.ttf in Resources */ = {isa = PBXBuildFile; fileRef = 90E2854E2AC308900026C1CA /* DMSans-MediumItalic.ttf */; };
		90E285562AC308900026C1CA /* DMSans-Italic.ttf in Resources */ = {isa = PBXBuildFile; fileRef = 90E2854F2AC308900026C1CA /* DMSans-Italic.ttf */; };
		CBFF4B846279595FCBD20A2B /* Pods_Invest_Trial_Invest_TrialUITests.framework in Frameworks */ = {isa = PBXBuildFile; fileRef = 235FBA6A3F6453414F698718 /* Pods_Invest_Trial_Invest_TrialUITests.framework */; };
/* End PBXBuildFile section */

/* Begin PBXContainerItemProxy section */
		90260BB32AC17127001269D9 /* PBXContainerItemProxy */ = {
			isa = PBXContainerItemProxy;
			containerPortal = 90260B952AC17124001269D9 /* Project object */;
			proxyType = 1;
			remoteGlobalIDString = 90260B9C2AC17124001269D9;
			remoteInfo = "Invest Trial";
		};
		90260BBD2AC17127001269D9 /* PBXContainerItemProxy */ = {
			isa = PBXContainerItemProxy;
			containerPortal = 90260B952AC17124001269D9 /* Project object */;
			proxyType = 1;
			remoteGlobalIDString = 90260B9C2AC17124001269D9;
			remoteInfo = "Invest Trial";
		};
/* End PBXContainerItemProxy section */

/* Begin PBXFileReference section */
		04D49482F28AA941F70902B3 /* Pods-Invest Trial-Invest TrialUITests.debug.xcconfig */ = {isa = PBXFileReference; includeInIndex = 1; lastKnownFileType = text.xcconfig; name = "Pods-Invest Trial-Invest TrialUITests.debug.xcconfig"; path = "Target Support Files/Pods-Invest Trial-Invest TrialUITests/Pods-Invest Trial-Invest TrialUITests.debug.xcconfig"; sourceTree = "<group>"; };
		235FBA6A3F6453414F698718 /* Pods_Invest_Trial_Invest_TrialUITests.framework */ = {isa = PBXFileReference; explicitFileType = wrapper.framework; includeInIndex = 0; path = Pods_Invest_Trial_Invest_TrialUITests.framework; sourceTree = BUILT_PRODUCTS_DIR; };
		7B484F6F123675F97720A995 /* Pods-Invest TrialTests.release.xcconfig */ = {isa = PBXFileReference; includeInIndex = 1; lastKnownFileType = text.xcconfig; name = "Pods-Invest TrialTests.release.xcconfig"; path = "Target Support Files/Pods-Invest TrialTests/Pods-Invest TrialTests.release.xcconfig"; sourceTree = "<group>"; };
		8F976ACB6B2930D705FBDA81 /* Pods-Invest Trial-Invest TrialUITests.release.xcconfig */ = {isa = PBXFileReference; includeInIndex = 1; lastKnownFileType = text.xcconfig; name = "Pods-Invest Trial-Invest TrialUITests.release.xcconfig"; path = "Target Support Files/Pods-Invest Trial-Invest TrialUITests/Pods-Invest Trial-Invest TrialUITests.release.xcconfig"; sourceTree = "<group>"; };
		90260B9D2AC17124001269D9 /* Invest Trial.app */ = {isa = PBXFileReference; explicitFileType = wrapper.application; includeInIndex = 0; path = "Invest Trial.app"; sourceTree = BUILT_PRODUCTS_DIR; };
		90260BA02AC17124001269D9 /* Invest_TrialApp.swift */ = {isa = PBXFileReference; lastKnownFileType = sourcecode.swift; path = Invest_TrialApp.swift; sourceTree = "<group>"; };
		90260BA22AC17124001269D9 /* ContentView.swift */ = {isa = PBXFileReference; lastKnownFileType = sourcecode.swift; path = ContentView.swift; sourceTree = "<group>"; };
		90260BA42AC17127001269D9 /* Assets.xcassets */ = {isa = PBXFileReference; lastKnownFileType = folder.assetcatalog; path = Assets.xcassets; sourceTree = "<group>"; };
		90260BA72AC17127001269D9 /* Preview Assets.xcassets */ = {isa = PBXFileReference; lastKnownFileType = folder.assetcatalog; path = "Preview Assets.xcassets"; sourceTree = "<group>"; };
		90260BA92AC17127001269D9 /* Persistence.swift */ = {isa = PBXFileReference; lastKnownFileType = sourcecode.swift; path = Persistence.swift; sourceTree = "<group>"; };
		90260BAC2AC17127001269D9 /* Invest_Trial.xcdatamodel */ = {isa = PBXFileReference; lastKnownFileType = wrapper.xcdatamodel; path = Invest_Trial.xcdatamodel; sourceTree = "<group>"; };
		90260BB22AC17127001269D9 /* Invest TrialTests.xctest */ = {isa = PBXFileReference; explicitFileType = wrapper.cfbundle; includeInIndex = 0; path = "Invest TrialTests.xctest"; sourceTree = BUILT_PRODUCTS_DIR; };
		90260BB62AC17127001269D9 /* Invest_TrialTests.swift */ = {isa = PBXFileReference; lastKnownFileType = sourcecode.swift; path = Invest_TrialTests.swift; sourceTree = "<group>"; };
		90260BBC2AC17127001269D9 /* Invest TrialUITests.xctest */ = {isa = PBXFileReference; explicitFileType = wrapper.cfbundle; includeInIndex = 0; path = "Invest TrialUITests.xctest"; sourceTree = BUILT_PRODUCTS_DIR; };
		90260BC02AC17127001269D9 /* Invest_TrialUITests.swift */ = {isa = PBXFileReference; lastKnownFileType = sourcecode.swift; path = Invest_TrialUITests.swift; sourceTree = "<group>"; };
		90260BC22AC17127001269D9 /* Invest_TrialUITestsLaunchTests.swift */ = {isa = PBXFileReference; lastKnownFileType = sourcecode.swift; path = Invest_TrialUITestsLaunchTests.swift; sourceTree = "<group>"; };
		90260BD82AC176D2001269D9 /* Constant.swift */ = {isa = PBXFileReference; lastKnownFileType = sourcecode.swift; path = Constant.swift; sourceTree = "<group>"; };
		90260BDA2AC17ACA001269D9 /* Colors.xcassets */ = {isa = PBXFileReference; lastKnownFileType = folder.assetcatalog; path = Colors.xcassets; sourceTree = "<group>"; };
		90260BDD2AC17B35001269D9 /* ColorsEx.swift */ = {isa = PBXFileReference; lastKnownFileType = sourcecode.swift; path = ColorsEx.swift; sourceTree = "<group>"; };
		90260BE12AC1938B001269D9 /* NavigationTopView.swift */ = {isa = PBXFileReference; lastKnownFileType = sourcecode.swift; path = NavigationTopView.swift; sourceTree = "<group>"; };
		90260BE32AC19482001269D9 /* ImageEx.swift */ = {isa = PBXFileReference; lastKnownFileType = sourcecode.swift; path = ImageEx.swift; sourceTree = "<group>"; };
		902657D62AC40D7100A98C97 /* BestPlansCvw.swift */ = {isa = PBXFileReference; lastKnownFileType = sourcecode.swift; path = BestPlansCvw.swift; sourceTree = "<group>"; };
		902657D82AC41BF700A98C97 /* InvestGuideCvw.swift */ = {isa = PBXFileReference; lastKnownFileType = sourcecode.swift; path = InvestGuideCvw.swift; sourceTree = "<group>"; };
		903D472A2AC5503000A69262 /* ApiClient.swift */ = {isa = PBXFileReference; lastKnownFileType = sourcecode.swift; path = ApiClient.swift; sourceTree = "<group>"; };
		903D472D2AC5509D00A69262 /* HttpNetworkRoute.swift */ = {isa = PBXFileReference; lastKnownFileType = sourcecode.swift; path = HttpNetworkRoute.swift; sourceTree = "<group>"; };
		903D472F2AC551E900A69262 /* Resource.swift */ = {isa = PBXFileReference; lastKnownFileType = sourcecode.swift; path = Resource.swift; sourceTree = "<group>"; };
		903D47312AC554C300A69262 /* BaseModel.swift */ = {isa = PBXFileReference; lastKnownFileType = sourcecode.swift; path = BaseModel.swift; sourceTree = "<group>"; };
		903D47332AC5558500A69262 /* UserDefaultsEx.swift */ = {isa = PBXFileReference; lastKnownFileType = sourcecode.swift; path = UserDefaultsEx.swift; sourceTree = "<group>"; };
		903D47352AC555E200A69262 /* LoginVm.swift */ = {isa = PBXFileReference; lastKnownFileType = sourcecode.swift; path = LoginVm.swift; sourceTree = "<group>"; };
		903D47372AC5564600A69262 /* RegisterVm.swift */ = {isa = PBXFileReference; lastKnownFileType = sourcecode.swift; path = RegisterVm.swift; sourceTree = "<group>"; };
		903D47392AC558FB00A69262 /* RegisterMapModel.swift */ = {isa = PBXFileReference; lastKnownFileType = sourcecode.swift; path = RegisterMapModel.swift; sourceTree = "<group>"; };
		903D473D2AC55C1D00A69262 /* LoginVw.swift */ = {isa = PBXFileReference; lastKnownFileType = sourcecode.swift; path = LoginVw.swift; sourceTree = "<group>"; };
		903D47412AC5774500A69262 /* InvestVm.swift */ = {isa = PBXFileReference; lastKnownFileType = sourcecode.swift; path = InvestVm.swift; sourceTree = "<group>"; };
		903D47432AC5825E00A69262 /* InvestModel.swift */ = {isa = PBXFileReference; lastKnownFileType = sourcecode.swift; path = InvestModel.swift; sourceTree = "<group>"; };
		905CE5E62AC44142004C04B5 /* HomeDetailVw.swift */ = {isa = PBXFileReference; fileEncoding = 4; lastKnownFileType = sourcecode.swift; path = HomeDetailVw.swift; sourceTree = "<group>"; };
		905CE5E82AC44142004C04B5 /* ProfileVc.swift */ = {isa = PBXFileReference; fileEncoding = 4; lastKnownFileType = sourcecode.swift; path = ProfileVc.swift; sourceTree = "<group>"; };
		905CE5E92AC44142004C04B5 /* BankVc.swift */ = {isa = PBXFileReference; fileEncoding = 4; lastKnownFileType = sourcecode.swift; path = BankVc.swift; sourceTree = "<group>"; };
		905CE5EA2AC44142004C04B5 /* EditInfoVc.swift */ = {isa = PBXFileReference; fileEncoding = 4; lastKnownFileType = sourcecode.swift; path = EditInfoVc.swift; sourceTree = "<group>"; };
		905CE5EB2AC44142004C04B5 /* ProfileSubVc.swift */ = {isa = PBXFileReference; fileEncoding = 4; lastKnownFileType = sourcecode.swift; path = ProfileSubVc.swift; sourceTree = "<group>"; };
		905CE5EC2AC44142004C04B5 /* HomeVc.swift */ = {isa = PBXFileReference; fileEncoding = 4; lastKnownFileType = sourcecode.swift; path = HomeVc.swift; sourceTree = "<group>"; };
		905CE5EF2AC44142004C04B5 /* SignupVc.swift */ = {isa = PBXFileReference; fileEncoding = 4; lastKnownFileType = sourcecode.swift; path = SignupVc.swift; sourceTree = "<group>"; };
		905CE5F12AC44142004C04B5 /* CommonVc.swift */ = {isa = PBXFileReference; fileEncoding = 4; lastKnownFileType = sourcecode.swift; path = CommonVc.swift; sourceTree = "<group>"; };
		905CE5FA2AC44408004C04B5 /* NotificationVw.swift */ = {isa = PBXFileReference; lastKnownFileType = sourcecode.swift; path = NotificationVw.swift; sourceTree = "<group>"; };
		905CE5FF2AC444AF004C04B5 /* NotificationTvw.swift */ = {isa = PBXFileReference; lastKnownFileType = sourcecode.swift; path = NotificationTvw.swift; sourceTree = "<group>"; };
		905CE6012AC45855004C04B5 /* BankListVw.swift */ = {isa = PBXFileReference; lastKnownFileType = sourcecode.swift; path = BankListVw.swift; sourceTree = "<group>"; };
		905CE6032AC459DA004C04B5 /* BankListTvw.swift */ = {isa = PBXFileReference; lastKnownFileType = sourcecode.swift; path = BankListTvw.swift; sourceTree = "<group>"; };
		905F83142AC5AC1E002BA6F8 /* ShowAlertVws.swift */ = {isa = PBXFileReference; lastKnownFileType = sourcecode.swift; path = ShowAlertVws.swift; sourceTree = "<group>"; };
		90C906712AC2A0C40031C1B0 /* ProfileModel.swift */ = {isa = PBXFileReference; lastKnownFileType = sourcecode.swift; path = ProfileModel.swift; sourceTree = "<group>"; };
		90E285492AC308900026C1CA /* DMSans-Regular.ttf */ = {isa = PBXFileReference; lastKnownFileType = file; path = "DMSans-Regular.ttf"; sourceTree = "<group>"; };
		90E2854A2AC308900026C1CA /* DMSans-Medium.ttf */ = {isa = PBXFileReference; lastKnownFileType = file; path = "DMSans-Medium.ttf"; sourceTree = "<group>"; };
		90E2854B2AC308900026C1CA /* DMSans-Bold.ttf */ = {isa = PBXFileReference; lastKnownFileType = file; path = "DMSans-Bold.ttf"; sourceTree = "<group>"; };
		90E2854C2AC308900026C1CA /* DMSans-BoldItalic.ttf */ = {isa = PBXFileReference; lastKnownFileType = file; path = "DMSans-BoldItalic.ttf"; sourceTree = "<group>"; };
		90E2854D2AC308900026C1CA /* OFL.txt */ = {isa = PBXFileReference; fileEncoding = 4; lastKnownFileType = text; path = OFL.txt; sourceTree = "<group>"; };
		90E2854E2AC308900026C1CA /* DMSans-MediumItalic.ttf */ = {isa = PBXFileReference; lastKnownFileType = file; path = "DMSans-MediumItalic.ttf"; sourceTree = "<group>"; };
		90E2854F2AC308900026C1CA /* DMSans-Italic.ttf */ = {isa = PBXFileReference; lastKnownFileType = file; path = "DMSans-Italic.ttf"; sourceTree = "<group>"; };
		AD8EA01AF71B6EAA5792BEF3 /* Pods-Invest Trial.debug.xcconfig */ = {isa = PBXFileReference; includeInIndex = 1; lastKnownFileType = text.xcconfig; name = "Pods-Invest Trial.debug.xcconfig"; path = "Target Support Files/Pods-Invest Trial/Pods-Invest Trial.debug.xcconfig"; sourceTree = "<group>"; };
		BCDC9CC3FC433B5C37B5B87B /* Pods_Invest_Trial.framework */ = {isa = PBXFileReference; explicitFileType = wrapper.framework; includeInIndex = 0; path = Pods_Invest_Trial.framework; sourceTree = BUILT_PRODUCTS_DIR; };
		C6B840890F6B0F0BCE0D2C7B /* Pods-Invest TrialTests.debug.xcconfig */ = {isa = PBXFileReference; includeInIndex = 1; lastKnownFileType = text.xcconfig; name = "Pods-Invest TrialTests.debug.xcconfig"; path = "Target Support Files/Pods-Invest TrialTests/Pods-Invest TrialTests.debug.xcconfig"; sourceTree = "<group>"; };
		D1B5C604132924B7DE2CC792 /* Pods_Invest_TrialTests.framework */ = {isa = PBXFileReference; explicitFileType = wrapper.framework; includeInIndex = 0; path = Pods_Invest_TrialTests.framework; sourceTree = BUILT_PRODUCTS_DIR; };
		FADC1DA846FF924469460D9A /* Pods-Invest Trial.release.xcconfig */ = {isa = PBXFileReference; includeInIndex = 1; lastKnownFileType = text.xcconfig; name = "Pods-Invest Trial.release.xcconfig"; path = "Target Support Files/Pods-Invest Trial/Pods-Invest Trial.release.xcconfig"; sourceTree = "<group>"; };
/* End PBXFileReference section */

/* Begin PBXFrameworksBuildPhase section */
		90260B9A2AC17124001269D9 /* Frameworks */ = {
			isa = PBXFrameworksBuildPhase;
			buildActionMask = 2147483647;
			files = (
				860B50FE0ADDC9C5195CE35B /* Pods_Invest_Trial.framework in Frameworks */,
			);
			runOnlyForDeploymentPostprocessing = 0;
		};
		90260BAF2AC17127001269D9 /* Frameworks */ = {
			isa = PBXFrameworksBuildPhase;
			buildActionMask = 2147483647;
			files = (
				346EA8E688090F0ED6D3856B /* Pods_Invest_TrialTests.framework in Frameworks */,
			);
			runOnlyForDeploymentPostprocessing = 0;
		};
		90260BB92AC17127001269D9 /* Frameworks */ = {
			isa = PBXFrameworksBuildPhase;
			buildActionMask = 2147483647;
			files = (
				CBFF4B846279595FCBD20A2B /* Pods_Invest_Trial_Invest_TrialUITests.framework in Frameworks */,
			);
			runOnlyForDeploymentPostprocessing = 0;
		};
/* End PBXFrameworksBuildPhase section */

/* Begin PBXGroup section */
		90260B942AC17124001269D9 = {
			isa = PBXGroup;
			children = (
				90260B9F2AC17124001269D9 /* Invest Trial */,
				90260BB52AC17127001269D9 /* Invest TrialTests */,
				90260BBF2AC17127001269D9 /* Invest TrialUITests */,
				90260B9E2AC17124001269D9 /* Products */,
				C0EE86A65D0D25F2834015EC /* Pods */,
				AEE0E4349BF5095A6C31CF94 /* Frameworks */,
			);
			sourceTree = "<group>";
		};
		90260B9E2AC17124001269D9 /* Products */ = {
			isa = PBXGroup;
			children = (
				90260B9D2AC17124001269D9 /* Invest Trial.app */,
				90260BB22AC17127001269D9 /* Invest TrialTests.xctest */,
				90260BBC2AC17127001269D9 /* Invest TrialUITests.xctest */,
			);
			name = Products;
			sourceTree = "<group>";
		};
		90260B9F2AC17124001269D9 /* Invest Trial */ = {
			isa = PBXGroup;
			children = (
				903D47282AC5500F00A69262 /* Networking */,
				903D47262AC54F5700A69262 /* ViewModels */,
				902657D42AC40B1900A98C97 /* Cell Vws */,
				90C906792AC3022E0031C1B0 /* Fonts */,
				90C906702AC2A0AF0031C1B0 /* Models */,
				90260BDC2AC17B20001269D9 /* Extension */,
				90260BD52AC17499001269D9 /* Helper */,
				905CE5E42AC44141004C04B5 /* Views */,
				90260BA02AC17124001269D9 /* Invest_TrialApp.swift */,
				90260BA22AC17124001269D9 /* ContentView.swift */,
				90260BDA2AC17ACA001269D9 /* Colors.xcassets */,
				90260BA42AC17127001269D9 /* Assets.xcassets */,
				90260BA92AC17127001269D9 /* Persistence.swift */,
				90260BAB2AC17127001269D9 /* Invest_Trial.xcdatamodeld */,
				90260BA62AC17127001269D9 /* Preview Content */,
			);
			path = "Invest Trial";
			sourceTree = "<group>";
		};
		90260BA62AC17127001269D9 /* Preview Content */ = {
			isa = PBXGroup;
			children = (
				90260BA72AC17127001269D9 /* Preview Assets.xcassets */,
			);
			path = "Preview Content";
			sourceTree = "<group>";
		};
		90260BB52AC17127001269D9 /* Invest TrialTests */ = {
			isa = PBXGroup;
			children = (
				90260BB62AC17127001269D9 /* Invest_TrialTests.swift */,
			);
			path = "Invest TrialTests";
			sourceTree = "<group>";
		};
		90260BBF2AC17127001269D9 /* Invest TrialUITests */ = {
			isa = PBXGroup;
			children = (
				90260BC02AC17127001269D9 /* Invest_TrialUITests.swift */,
				90260BC22AC17127001269D9 /* Invest_TrialUITestsLaunchTests.swift */,
			);
			path = "Invest TrialUITests";
			sourceTree = "<group>";
		};
		90260BD52AC17499001269D9 /* Helper */ = {
			isa = PBXGroup;
			children = (
				90260BD82AC176D2001269D9 /* Constant.swift */,
			);
			path = Helper;
			sourceTree = "<group>";
		};
		90260BDC2AC17B20001269D9 /* Extension */ = {
			isa = PBXGroup;
			children = (
				90260BDD2AC17B35001269D9 /* ColorsEx.swift */,
				90260BE12AC1938B001269D9 /* NavigationTopView.swift */,
				90260BE32AC19482001269D9 /* ImageEx.swift */,
				903D47332AC5558500A69262 /* UserDefaultsEx.swift */,
				905F83142AC5AC1E002BA6F8 /* ShowAlertVws.swift */,
			);
			path = Extension;
			sourceTree = "<group>";
		};
		902657D42AC40B1900A98C97 /* Cell Vws */ = {
			isa = PBXGroup;
			children = (
				905CE5FC2AC4447D004C04B5 /* TableView */,
				902657D52AC40CF800A98C97 /* CollectionView */,
			);
			name = "Cell Vws";
			sourceTree = "<group>";
		};
		902657D52AC40CF800A98C97 /* CollectionView */ = {
			isa = PBXGroup;
			children = (
				902657D62AC40D7100A98C97 /* BestPlansCvw.swift */,
				902657D82AC41BF700A98C97 /* InvestGuideCvw.swift */,
			);
			name = CollectionView;
			sourceTree = "<group>";
		};
		903D47262AC54F5700A69262 /* ViewModels */ = {
			isa = PBXGroup;
			children = (
				903D47272AC54F6600A69262 /* Auth */,
			);
			path = ViewModels;
			sourceTree = "<group>";
		};
		903D47272AC54F6600A69262 /* Auth */ = {
			isa = PBXGroup;
			children = (
				903D47352AC555E200A69262 /* LoginVm.swift */,
				903D47372AC5564600A69262 /* RegisterVm.swift */,
				903D47412AC5774500A69262 /* InvestVm.swift */,
			);
			path = Auth;
			sourceTree = "<group>";
		};
		903D47282AC5500F00A69262 /* Networking */ = {
			isa = PBXGroup;
			children = (
				903D472C2AC5508A00A69262 /* HTTP */,
				903D47292AC5501D00A69262 /* Service */,
			);
			path = Networking;
			sourceTree = "<group>";
		};
		903D47292AC5501D00A69262 /* Service */ = {
			isa = PBXGroup;
			children = (
				903D472A2AC5503000A69262 /* ApiClient.swift */,
			);
			path = Service;
			sourceTree = "<group>";
		};
		903D472C2AC5508A00A69262 /* HTTP */ = {
			isa = PBXGroup;
			children = (
				903D472D2AC5509D00A69262 /* HttpNetworkRoute.swift */,
			);
			path = HTTP;
			sourceTree = "<group>";
		};
		905CE5E42AC44141004C04B5 /* Views */ = {
			isa = PBXGroup;
			children = (
				905CE5E52AC44142004C04B5 /* Home */,
				905CE5ED2AC44142004C04B5 /* Auth */,
			);
			name = Views;
			path = "Invest Trial/Views";
			sourceTree = SOURCE_ROOT;
		};
		905CE5E52AC44142004C04B5 /* Home */ = {
			isa = PBXGroup;
			children = (
				905CE5E62AC44142004C04B5 /* HomeDetailVw.swift */,
				905CE5E72AC44142004C04B5 /* Profile */,
				905CE5EC2AC44142004C04B5 /* HomeVc.swift */,
				905CE5FA2AC44408004C04B5 /* NotificationVw.swift */,
			);
			path = Home;
			sourceTree = "<group>";
		};
		905CE5E72AC44142004C04B5 /* Profile */ = {
			isa = PBXGroup;
			children = (
				905CE5E82AC44142004C04B5 /* ProfileVc.swift */,
				905CE5E92AC44142004C04B5 /* BankVc.swift */,
				905CE5EA2AC44142004C04B5 /* EditInfoVc.swift */,
				905CE5EB2AC44142004C04B5 /* ProfileSubVc.swift */,
				905CE6012AC45855004C04B5 /* BankListVw.swift */,
			);
			path = Profile;
			sourceTree = "<group>";
		};
		905CE5ED2AC44142004C04B5 /* Auth */ = {
			isa = PBXGroup;
			children = (
				905CE5EE2AC44142004C04B5 /* Signup */,
				905CE5F02AC44142004C04B5 /* Login */,
			);
			path = Auth;
			sourceTree = "<group>";
		};
		905CE5EE2AC44142004C04B5 /* Signup */ = {
			isa = PBXGroup;
			children = (
				905CE5EF2AC44142004C04B5 /* SignupVc.swift */,
			);
			path = Signup;
			sourceTree = "<group>";
		};
		905CE5F02AC44142004C04B5 /* Login */ = {
			isa = PBXGroup;
			children = (
				905CE5F12AC44142004C04B5 /* CommonVc.swift */,
				903D473D2AC55C1D00A69262 /* LoginVw.swift */,
			);
			path = Login;
			sourceTree = "<group>";
		};
		905CE5FC2AC4447D004C04B5 /* TableView */ = {
			isa = PBXGroup;
			children = (
				905CE5FF2AC444AF004C04B5 /* NotificationTvw.swift */,
				905CE6032AC459DA004C04B5 /* BankListTvw.swift */,
			);
			name = TableView;
			sourceTree = "<group>";
		};
		90C906702AC2A0AF0031C1B0 /* Models */ = {
			isa = PBXGroup;
			children = (
				90C906712AC2A0C40031C1B0 /* ProfileModel.swift */,
				903D472F2AC551E900A69262 /* Resource.swift */,
				903D47312AC554C300A69262 /* BaseModel.swift */,
				903D47392AC558FB00A69262 /* RegisterMapModel.swift */,
				903D47432AC5825E00A69262 /* InvestModel.swift */,
			);
			path = Models;
			sourceTree = "<group>";
		};
		90C906792AC3022E0031C1B0 /* Fonts */ = {
			isa = PBXGroup;
			children = (
				90E285482AC308900026C1CA /* DM Sans Font */,
			);
			path = Fonts;
			sourceTree = "<group>";
		};
		90E285482AC308900026C1CA /* DM Sans Font */ = {
			isa = PBXGroup;
			children = (
				90E285492AC308900026C1CA /* DMSans-Regular.ttf */,
				90E2854A2AC308900026C1CA /* DMSans-Medium.ttf */,
				90E2854B2AC308900026C1CA /* DMSans-Bold.ttf */,
				90E2854C2AC308900026C1CA /* DMSans-BoldItalic.ttf */,
				90E2854D2AC308900026C1CA /* OFL.txt */,
				90E2854E2AC308900026C1CA /* DMSans-MediumItalic.ttf */,
				90E2854F2AC308900026C1CA /* DMSans-Italic.ttf */,
			);
			path = "DM Sans Font";
			sourceTree = "<group>";
		};
		AEE0E4349BF5095A6C31CF94 /* Frameworks */ = {
			isa = PBXGroup;
			children = (
				BCDC9CC3FC433B5C37B5B87B /* Pods_Invest_Trial.framework */,
				235FBA6A3F6453414F698718 /* Pods_Invest_Trial_Invest_TrialUITests.framework */,
				D1B5C604132924B7DE2CC792 /* Pods_Invest_TrialTests.framework */,
			);
			name = Frameworks;
			sourceTree = "<group>";
		};
		C0EE86A65D0D25F2834015EC /* Pods */ = {
			isa = PBXGroup;
			children = (
				AD8EA01AF71B6EAA5792BEF3 /* Pods-Invest Trial.debug.xcconfig */,
				FADC1DA846FF924469460D9A /* Pods-Invest Trial.release.xcconfig */,
				04D49482F28AA941F70902B3 /* Pods-Invest Trial-Invest TrialUITests.debug.xcconfig */,
				8F976ACB6B2930D705FBDA81 /* Pods-Invest Trial-Invest TrialUITests.release.xcconfig */,
				C6B840890F6B0F0BCE0D2C7B /* Pods-Invest TrialTests.debug.xcconfig */,
				7B484F6F123675F97720A995 /* Pods-Invest TrialTests.release.xcconfig */,
			);
			path = Pods;
			sourceTree = "<group>";
		};
/* End PBXGroup section */

/* Begin PBXNativeTarget section */
		90260B9C2AC17124001269D9 /* Invest Trial */ = {
			isa = PBXNativeTarget;
			buildConfigurationList = 90260BC62AC17127001269D9 /* Build configuration list for PBXNativeTarget "Invest Trial" */;
			buildPhases = (
				097F15A0A4E902E95A915740 /* [CP] Check Pods Manifest.lock */,
				90260B992AC17124001269D9 /* Sources */,
				90260B9A2AC17124001269D9 /* Frameworks */,
				90260B9B2AC17124001269D9 /* Resources */,
				008448F9BA4F3026574F2CC1 /* [CP] Embed Pods Frameworks */,
			);
			buildRules = (
			);
			dependencies = (
			);
			name = "Invest Trial";
			productName = "Invest Trial";
			productReference = 90260B9D2AC17124001269D9 /* Invest Trial.app */;
			productType = "com.apple.product-type.application";
		};
		90260BB12AC17127001269D9 /* Invest TrialTests */ = {
			isa = PBXNativeTarget;
			buildConfigurationList = 90260BC92AC17127001269D9 /* Build configuration list for PBXNativeTarget "Invest TrialTests" */;
			buildPhases = (
				553B443871E6930BEB9E30AD /* [CP] Check Pods Manifest.lock */,
				90260BAE2AC17127001269D9 /* Sources */,
				90260BAF2AC17127001269D9 /* Frameworks */,
				90260BB02AC17127001269D9 /* Resources */,
			);
			buildRules = (
			);
			dependencies = (
				90260BB42AC17127001269D9 /* PBXTargetDependency */,
			);
			name = "Invest TrialTests";
			productName = "Invest TrialTests";
			productReference = 90260BB22AC17127001269D9 /* Invest TrialTests.xctest */;
			productType = "com.apple.product-type.bundle.unit-test";
		};
		90260BBB2AC17127001269D9 /* Invest TrialUITests */ = {
			isa = PBXNativeTarget;
			buildConfigurationList = 90260BCC2AC17127001269D9 /* Build configuration list for PBXNativeTarget "Invest TrialUITests" */;
			buildPhases = (
				A5FC18ACACE481FF0C0D2311 /* [CP] Check Pods Manifest.lock */,
				90260BB82AC17127001269D9 /* Sources */,
				90260BB92AC17127001269D9 /* Frameworks */,
				90260BBA2AC17127001269D9 /* Resources */,
				2ECD25F341A7C8F40F845537 /* [CP] Embed Pods Frameworks */,
			);
			buildRules = (
			);
			dependencies = (
				90260BBE2AC17127001269D9 /* PBXTargetDependency */,
			);
			name = "Invest TrialUITests";
			productName = "Invest TrialUITests";
			productReference = 90260BBC2AC17127001269D9 /* Invest TrialUITests.xctest */;
			productType = "com.apple.product-type.bundle.ui-testing";
		};
/* End PBXNativeTarget section */

/* Begin PBXProject section */
		90260B952AC17124001269D9 /* Project object */ = {
			isa = PBXProject;
			attributes = {
				BuildIndependentTargetsInParallel = 1;
				LastSwiftUpdateCheck = 1420;
				LastUpgradeCheck = 1420;
				TargetAttributes = {
					90260B9C2AC17124001269D9 = {
						CreatedOnToolsVersion = 14.2;
					};
					90260BB12AC17127001269D9 = {
						CreatedOnToolsVersion = 14.2;
						TestTargetID = 90260B9C2AC17124001269D9;
					};
					90260BBB2AC17127001269D9 = {
						CreatedOnToolsVersion = 14.2;
						TestTargetID = 90260B9C2AC17124001269D9;
					};
				};
			};
			buildConfigurationList = 90260B982AC17124001269D9 /* Build configuration list for PBXProject "Invest Trial" */;
			compatibilityVersion = "Xcode 13.0";
			developmentRegion = en;
			hasScannedForEncodings = 0;
			knownRegions = (
				en,
				Base,
			);
			mainGroup = 90260B942AC17124001269D9;
			productRefGroup = 90260B9E2AC17124001269D9 /* Products */;
			projectDirPath = "";
			projectRoot = "";
			targets = (
				90260B9C2AC17124001269D9 /* Invest Trial */,
				90260BB12AC17127001269D9 /* Invest TrialTests */,
				90260BBB2AC17127001269D9 /* Invest TrialUITests */,
			);
		};
/* End PBXProject section */

/* Begin PBXResourcesBuildPhase section */
		90260B9B2AC17124001269D9 /* Resources */ = {
			isa = PBXResourcesBuildPhase;
			buildActionMask = 2147483647;
			files = (
				90E285512AC308900026C1CA /* DMSans-Medium.ttf in Resources */,
				90E285522AC308900026C1CA /* DMSans-Bold.ttf in Resources */,
				90E285562AC308900026C1CA /* DMSans-Italic.ttf in Resources */,
				90E285532AC308900026C1CA /* DMSans-BoldItalic.ttf in Resources */,
				90E285552AC308900026C1CA /* DMSans-MediumItalic.ttf in Resources */,
				90260BDB2AC17ACA001269D9 /* Colors.xcassets in Resources */,
				90260BA82AC17127001269D9 /* Preview Assets.xcassets in Resources */,
				90260BA52AC17127001269D9 /* Assets.xcassets in Resources */,
				90E285542AC308900026C1CA /* OFL.txt in Resources */,
				90E285502AC308900026C1CA /* DMSans-Regular.ttf in Resources */,
			);
			runOnlyForDeploymentPostprocessing = 0;
		};
		90260BB02AC17127001269D9 /* Resources */ = {
			isa = PBXResourcesBuildPhase;
			buildActionMask = 2147483647;
			files = (
			);
			runOnlyForDeploymentPostprocessing = 0;
		};
		90260BBA2AC17127001269D9 /* Resources */ = {
			isa = PBXResourcesBuildPhase;
			buildActionMask = 2147483647;
			files = (
			);
			runOnlyForDeploymentPostprocessing = 0;
		};
/* End PBXResourcesBuildPhase section */

/* Begin PBXShellScriptBuildPhase section */
		008448F9BA4F3026574F2CC1 /* [CP] Embed Pods Frameworks */ = {
			isa = PBXShellScriptBuildPhase;
			buildActionMask = 2147483647;
			files = (
			);
			inputFileListPaths = (
				"${PODS_ROOT}/Target Support Files/Pods-Invest Trial/Pods-Invest Trial-frameworks-${CONFIGURATION}-input-files.xcfilelist",
			);
			name = "[CP] Embed Pods Frameworks";
			outputFileListPaths = (
				"${PODS_ROOT}/Target Support Files/Pods-Invest Trial/Pods-Invest Trial-frameworks-${CONFIGURATION}-output-files.xcfilelist",
			);
			runOnlyForDeploymentPostprocessing = 0;
			shellPath = /bin/sh;
			shellScript = "\"${PODS_ROOT}/Target Support Files/Pods-Invest Trial/Pods-Invest Trial-frameworks.sh\"\n";
			showEnvVarsInLog = 0;
		};
		097F15A0A4E902E95A915740 /* [CP] Check Pods Manifest.lock */ = {
			isa = PBXShellScriptBuildPhase;
			buildActionMask = 2147483647;
			files = (
			);
			inputFileListPaths = (
			);
			inputPaths = (
				"${PODS_PODFILE_DIR_PATH}/Podfile.lock",
				"${PODS_ROOT}/Manifest.lock",
			);
			name = "[CP] Check Pods Manifest.lock";
			outputFileListPaths = (
			);
			outputPaths = (
				"$(DERIVED_FILE_DIR)/Pods-Invest Trial-checkManifestLockResult.txt",
			);
			runOnlyForDeploymentPostprocessing = 0;
			shellPath = /bin/sh;
			shellScript = "diff \"${PODS_PODFILE_DIR_PATH}/Podfile.lock\" \"${PODS_ROOT}/Manifest.lock\" > /dev/null\nif [ $? != 0 ] ; then\n    # print error to STDERR\n    echo \"error: The sandbox is not in sync with the Podfile.lock. Run 'pod install' or update your CocoaPods installation.\" >&2\n    exit 1\nfi\n# This output is used by Xcode 'outputs' to avoid re-running this script phase.\necho \"SUCCESS\" > \"${SCRIPT_OUTPUT_FILE_0}\"\n";
			showEnvVarsInLog = 0;
		};
		2ECD25F341A7C8F40F845537 /* [CP] Embed Pods Frameworks */ = {
			isa = PBXShellScriptBuildPhase;
			buildActionMask = 2147483647;
			files = (
			);
			inputFileListPaths = (
				"${PODS_ROOT}/Target Support Files/Pods-Invest Trial-Invest TrialUITests/Pods-Invest Trial-Invest TrialUITests-frameworks-${CONFIGURATION}-input-files.xcfilelist",
			);
			name = "[CP] Embed Pods Frameworks";
			outputFileListPaths = (
				"${PODS_ROOT}/Target Support Files/Pods-Invest Trial-Invest TrialUITests/Pods-Invest Trial-Invest TrialUITests-frameworks-${CONFIGURATION}-output-files.xcfilelist",
			);
			runOnlyForDeploymentPostprocessing = 0;
			shellPath = /bin/sh;
			shellScript = "\"${PODS_ROOT}/Target Support Files/Pods-Invest Trial-Invest TrialUITests/Pods-Invest Trial-Invest TrialUITests-frameworks.sh\"\n";
			showEnvVarsInLog = 0;
		};
		553B443871E6930BEB9E30AD /* [CP] Check Pods Manifest.lock */ = {
			isa = PBXShellScriptBuildPhase;
			buildActionMask = 2147483647;
			files = (
			);
			inputFileListPaths = (
			);
			inputPaths = (
				"${PODS_PODFILE_DIR_PATH}/Podfile.lock",
				"${PODS_ROOT}/Manifest.lock",
			);
			name = "[CP] Check Pods Manifest.lock";
			outputFileListPaths = (
			);
			outputPaths = (
				"$(DERIVED_FILE_DIR)/Pods-Invest TrialTests-checkManifestLockResult.txt",
			);
			runOnlyForDeploymentPostprocessing = 0;
			shellPath = /bin/sh;
			shellScript = "diff \"${PODS_PODFILE_DIR_PATH}/Podfile.lock\" \"${PODS_ROOT}/Manifest.lock\" > /dev/null\nif [ $? != 0 ] ; then\n    # print error to STDERR\n    echo \"error: The sandbox is not in sync with the Podfile.lock. Run 'pod install' or update your CocoaPods installation.\" >&2\n    exit 1\nfi\n# This output is used by Xcode 'outputs' to avoid re-running this script phase.\necho \"SUCCESS\" > \"${SCRIPT_OUTPUT_FILE_0}\"\n";
			showEnvVarsInLog = 0;
		};
		A5FC18ACACE481FF0C0D2311 /* [CP] Check Pods Manifest.lock */ = {
			isa = PBXShellScriptBuildPhase;
			buildActionMask = 2147483647;
			files = (
			);
			inputFileListPaths = (
			);
			inputPaths = (
				"${PODS_PODFILE_DIR_PATH}/Podfile.lock",
				"${PODS_ROOT}/Manifest.lock",
			);
			name = "[CP] Check Pods Manifest.lock";
			outputFileListPaths = (
			);
			outputPaths = (
				"$(DERIVED_FILE_DIR)/Pods-Invest Trial-Invest TrialUITests-checkManifestLockResult.txt",
			);
			runOnlyForDeploymentPostprocessing = 0;
			shellPath = /bin/sh;
			shellScript = "diff \"${PODS_PODFILE_DIR_PATH}/Podfile.lock\" \"${PODS_ROOT}/Manifest.lock\" > /dev/null\nif [ $? != 0 ] ; then\n    # print error to STDERR\n    echo \"error: The sandbox is not in sync with the Podfile.lock. Run 'pod install' or update your CocoaPods installation.\" >&2\n    exit 1\nfi\n# This output is used by Xcode 'outputs' to avoid re-running this script phase.\necho \"SUCCESS\" > \"${SCRIPT_OUTPUT_FILE_0}\"\n";
			showEnvVarsInLog = 0;
		};
/* End PBXShellScriptBuildPhase section */

/* Begin PBXSourcesBuildPhase section */
		90260B992AC17124001269D9 /* Sources */ = {
			isa = PBXSourcesBuildPhase;
			buildActionMask = 2147483647;
			files = (
				90260BE22AC1938B001269D9 /* NavigationTopView.swift in Sources */,
				905CE5F72AC44142004C04B5 /* HomeVc.swift in Sources */,
				905CE5F62AC44142004C04B5 /* ProfileSubVc.swift in Sources */,
				905CE5FB2AC44408004C04B5 /* NotificationVw.swift in Sources */,
				905CE6002AC444AF004C04B5 /* NotificationTvw.swift in Sources */,
				902657D92AC41BF700A98C97 /* InvestGuideCvw.swift in Sources */,
				905CE5F22AC44142004C04B5 /* HomeDetailVw.swift in Sources */,
				903D47362AC555E200A69262 /* LoginVm.swift in Sources */,
				90C906722AC2A0C50031C1B0 /* ProfileModel.swift in Sources */,
				90260BAA2AC17127001269D9 /* Persistence.swift in Sources */,
				90260BAD2AC17127001269D9 /* Invest_Trial.xcdatamodeld in Sources */,
				905CE5F52AC44142004C04B5 /* EditInfoVc.swift in Sources */,
				903D472B2AC5503000A69262 /* ApiClient.swift in Sources */,
				90260BA32AC17124001269D9 /* ContentView.swift in Sources */,
				903D473E2AC55C1D00A69262 /* LoginVw.swift in Sources */,
				903D473A2AC558FB00A69262 /* RegisterMapModel.swift in Sources */,
				903D47302AC551E900A69262 /* Resource.swift in Sources */,
				90260BE42AC19482001269D9 /* ImageEx.swift in Sources */,
				902657D72AC40D7100A98C97 /* BestPlansCvw.swift in Sources */,
				905CE6022AC45855004C04B5 /* BankListVw.swift in Sources */,
				903D47422AC5774500A69262 /* InvestVm.swift in Sources */,
				905CE5F92AC44142004C04B5 /* CommonVc.swift in Sources */,
				903D47442AC5825E00A69262 /* InvestModel.swift in Sources */,
				903D47322AC554C300A69262 /* BaseModel.swift in Sources */,
				90260BA12AC17124001269D9 /* Invest_TrialApp.swift in Sources */,
				905CE5F42AC44142004C04B5 /* BankVc.swift in Sources */,
				903D472E2AC5509D00A69262 /* HttpNetworkRoute.swift in Sources */,
				903D47382AC5564600A69262 /* RegisterVm.swift in Sources */,
				90260BD92AC176D2001269D9 /* Constant.swift in Sources */,
				90260BDE2AC17B35001269D9 /* ColorsEx.swift in Sources */,
				905CE6042AC459DA004C04B5 /* BankListTvw.swift in Sources */,
				905F83152AC5AC1E002BA6F8 /* ShowAlertVws.swift in Sources */,
				905CE5F82AC44142004C04B5 /* SignupVc.swift in Sources */,
				905CE5F32AC44142004C04B5 /* ProfileVc.swift in Sources */,
				903D47342AC5558500A69262 /* UserDefaultsEx.swift in Sources */,
			);
			runOnlyForDeploymentPostprocessing = 0;
		};
		90260BAE2AC17127001269D9 /* Sources */ = {
			isa = PBXSourcesBuildPhase;
			buildActionMask = 2147483647;
			files = (
				90260BB72AC17127001269D9 /* Invest_TrialTests.swift in Sources */,
			);
			runOnlyForDeploymentPostprocessing = 0;
		};
		90260BB82AC17127001269D9 /* Sources */ = {
			isa = PBXSourcesBuildPhase;
			buildActionMask = 2147483647;
			files = (
				90260BC32AC17127001269D9 /* Invest_TrialUITestsLaunchTests.swift in Sources */,
				90260BC12AC17127001269D9 /* Invest_TrialUITests.swift in Sources */,
			);
			runOnlyForDeploymentPostprocessing = 0;
		};
/* End PBXSourcesBuildPhase section */

/* Begin PBXTargetDependency section */
		90260BB42AC17127001269D9 /* PBXTargetDependency */ = {
			isa = PBXTargetDependency;
			target = 90260B9C2AC17124001269D9 /* Invest Trial */;
			targetProxy = 90260BB32AC17127001269D9 /* PBXContainerItemProxy */;
		};
		90260BBE2AC17127001269D9 /* PBXTargetDependency */ = {
			isa = PBXTargetDependency;
			target = 90260B9C2AC17124001269D9 /* Invest Trial */;
			targetProxy = 90260BBD2AC17127001269D9 /* PBXContainerItemProxy */;
		};
/* End PBXTargetDependency section */

/* Begin XCBuildConfiguration section */
		90260BC42AC17127001269D9 /* Debug */ = {
			isa = XCBuildConfiguration;
			buildSettings = {
				ALWAYS_SEARCH_USER_PATHS = NO;
				CLANG_ANALYZER_NONNULL = YES;
				CLANG_ANALYZER_NUMBER_OBJECT_CONVERSION = YES_AGGRESSIVE;
				CLANG_CXX_LANGUAGE_STANDARD = "gnu++20";
				CLANG_ENABLE_MODULES = YES;
				CLANG_ENABLE_OBJC_ARC = YES;
				CLANG_ENABLE_OBJC_WEAK = YES;
				CLANG_WARN_BLOCK_CAPTURE_AUTORELEASING = YES;
				CLANG_WARN_BOOL_CONVERSION = YES;
				CLANG_WARN_COMMA = YES;
				CLANG_WARN_CONSTANT_CONVERSION = YES;
				CLANG_WARN_DEPRECATED_OBJC_IMPLEMENTATIONS = YES;
				CLANG_WARN_DIRECT_OBJC_ISA_USAGE = YES_ERROR;
				CLANG_WARN_DOCUMENTATION_COMMENTS = YES;
				CLANG_WARN_EMPTY_BODY = YES;
				CLANG_WARN_ENUM_CONVERSION = YES;
				CLANG_WARN_INFINITE_RECURSION = YES;
				CLANG_WARN_INT_CONVERSION = YES;
				CLANG_WARN_NON_LITERAL_NULL_CONVERSION = YES;
				CLANG_WARN_OBJC_IMPLICIT_RETAIN_SELF = YES;
				CLANG_WARN_OBJC_LITERAL_CONVERSION = YES;
				CLANG_WARN_OBJC_ROOT_CLASS = YES_ERROR;
				CLANG_WARN_QUOTED_INCLUDE_IN_FRAMEWORK_HEADER = YES;
				CLANG_WARN_RANGE_LOOP_ANALYSIS = YES;
				CLANG_WARN_STRICT_PROTOTYPES = YES;
				CLANG_WARN_SUSPICIOUS_MOVE = YES;
				CLANG_WARN_UNGUARDED_AVAILABILITY = YES_AGGRESSIVE;
				CLANG_WARN_UNREACHABLE_CODE = YES;
				CLANG_WARN__DUPLICATE_METHOD_MATCH = YES;
				COPY_PHASE_STRIP = NO;
				DEBUG_INFORMATION_FORMAT = dwarf;
				ENABLE_STRICT_OBJC_MSGSEND = YES;
				ENABLE_TESTABILITY = YES;
				GCC_C_LANGUAGE_STANDARD = gnu11;
				GCC_DYNAMIC_NO_PIC = NO;
				GCC_NO_COMMON_BLOCKS = YES;
				GCC_OPTIMIZATION_LEVEL = 0;
				GCC_PREPROCESSOR_DEFINITIONS = (
					"DEBUG=1",
					"$(inherited)",
				);
				GCC_WARN_64_TO_32_BIT_CONVERSION = YES;
				GCC_WARN_ABOUT_RETURN_TYPE = YES_ERROR;
				GCC_WARN_UNDECLARED_SELECTOR = YES;
				GCC_WARN_UNINITIALIZED_AUTOS = YES_AGGRESSIVE;
				GCC_WARN_UNUSED_FUNCTION = YES;
				GCC_WARN_UNUSED_VARIABLE = YES;
				IPHONEOS_DEPLOYMENT_TARGET = 16.2;
				MTL_ENABLE_DEBUG_INFO = INCLUDE_SOURCE;
				MTL_FAST_MATH = YES;
				ONLY_ACTIVE_ARCH = YES;
				SDKROOT = iphoneos;
				SWIFT_ACTIVE_COMPILATION_CONDITIONS = DEBUG;
				SWIFT_OPTIMIZATION_LEVEL = "-Onone";
			};
			name = Debug;
		};
		90260BC52AC17127001269D9 /* Release */ = {
			isa = XCBuildConfiguration;
			buildSettings = {
				ALWAYS_SEARCH_USER_PATHS = NO;
				CLANG_ANALYZER_NONNULL = YES;
				CLANG_ANALYZER_NUMBER_OBJECT_CONVERSION = YES_AGGRESSIVE;
				CLANG_CXX_LANGUAGE_STANDARD = "gnu++20";
				CLANG_ENABLE_MODULES = YES;
				CLANG_ENABLE_OBJC_ARC = YES;
				CLANG_ENABLE_OBJC_WEAK = YES;
				CLANG_WARN_BLOCK_CAPTURE_AUTORELEASING = YES;
				CLANG_WARN_BOOL_CONVERSION = YES;
				CLANG_WARN_COMMA = YES;
				CLANG_WARN_CONSTANT_CONVERSION = YES;
				CLANG_WARN_DEPRECATED_OBJC_IMPLEMENTATIONS = YES;
				CLANG_WARN_DIRECT_OBJC_ISA_USAGE = YES_ERROR;
				CLANG_WARN_DOCUMENTATION_COMMENTS = YES;
				CLANG_WARN_EMPTY_BODY = YES;
				CLANG_WARN_ENUM_CONVERSION = YES;
				CLANG_WARN_INFINITE_RECURSION = YES;
				CLANG_WARN_INT_CONVERSION = YES;
				CLANG_WARN_NON_LITERAL_NULL_CONVERSION = YES;
				CLANG_WARN_OBJC_IMPLICIT_RETAIN_SELF = YES;
				CLANG_WARN_OBJC_LITERAL_CONVERSION = YES;
				CLANG_WARN_OBJC_ROOT_CLASS = YES_ERROR;
				CLANG_WARN_QUOTED_INCLUDE_IN_FRAMEWORK_HEADER = YES;
				CLANG_WARN_RANGE_LOOP_ANALYSIS = YES;
				CLANG_WARN_STRICT_PROTOTYPES = YES;
				CLANG_WARN_SUSPICIOUS_MOVE = YES;
				CLANG_WARN_UNGUARDED_AVAILABILITY = YES_AGGRESSIVE;
				CLANG_WARN_UNREACHABLE_CODE = YES;
				CLANG_WARN__DUPLICATE_METHOD_MATCH = YES;
				COPY_PHASE_STRIP = NO;
				DEBUG_INFORMATION_FORMAT = "dwarf-with-dsym";
				ENABLE_NS_ASSERTIONS = NO;
				ENABLE_STRICT_OBJC_MSGSEND = YES;
				GCC_C_LANGUAGE_STANDARD = gnu11;
				GCC_NO_COMMON_BLOCKS = YES;
				GCC_WARN_64_TO_32_BIT_CONVERSION = YES;
				GCC_WARN_ABOUT_RETURN_TYPE = YES_ERROR;
				GCC_WARN_UNDECLARED_SELECTOR = YES;
				GCC_WARN_UNINITIALIZED_AUTOS = YES_AGGRESSIVE;
				GCC_WARN_UNUSED_FUNCTION = YES;
				GCC_WARN_UNUSED_VARIABLE = YES;
				IPHONEOS_DEPLOYMENT_TARGET = 16.2;
				MTL_ENABLE_DEBUG_INFO = NO;
				MTL_FAST_MATH = YES;
				SDKROOT = iphoneos;
				SWIFT_COMPILATION_MODE = wholemodule;
				SWIFT_OPTIMIZATION_LEVEL = "-O";
				VALIDATE_PRODUCT = YES;
			};
			name = Release;
		};
		90260BC72AC17127001269D9 /* Debug */ = {
			isa = XCBuildConfiguration;
			baseConfigurationReference = AD8EA01AF71B6EAA5792BEF3 /* Pods-Invest Trial.debug.xcconfig */;
			buildSettings = {
				ASSETCATALOG_COMPILER_APPICON_NAME = AppIcon;
				ASSETCATALOG_COMPILER_GLOBAL_ACCENT_COLOR_NAME = AccentColor;
				CODE_SIGN_STYLE = Automatic;
				CURRENT_PROJECT_VERSION = 1;
				DEVELOPMENT_ASSET_PATHS = "\"Invest Trial/Preview Content\"";
				DEVELOPMENT_TEAM = F6G9374LLZ;
				ENABLE_PREVIEWS = YES;
				GENERATE_INFOPLIST_FILE = YES;
				INFOPLIST_KEY_UIApplicationSceneManifest_Generation = YES;
				INFOPLIST_KEY_UIApplicationSupportsIndirectInputEvents = YES;
				INFOPLIST_KEY_UILaunchScreen_Generation = YES;
				INFOPLIST_KEY_UISupportedInterfaceOrientations_iPad = "UIInterfaceOrientationPortrait UIInterfaceOrientationPortraitUpsideDown UIInterfaceOrientationLandscapeLeft UIInterfaceOrientationLandscapeRight";
				INFOPLIST_KEY_UISupportedInterfaceOrientations_iPhone = "UIInterfaceOrientationPortrait UIInterfaceOrientationLandscapeLeft UIInterfaceOrientationLandscapeRight";
				LD_RUNPATH_SEARCH_PATHS = (
					"$(inherited)",
					"@executable_path/Frameworks",
				);
				MARKETING_VERSION = 1.0;
				PRODUCT_BUNDLE_IDENTIFIER = "com.techno.-Invest.Invest-Trial";
				PRODUCT_NAME = "$(TARGET_NAME)";
				SWIFT_EMIT_LOC_STRINGS = YES;
				SWIFT_VERSION = 5.0;
				TARGETED_DEVICE_FAMILY = "1,2";
			};
			name = Debug;
		};
		90260BC82AC17127001269D9 /* Release */ = {
			isa = XCBuildConfiguration;
			baseConfigurationReference = FADC1DA846FF924469460D9A /* Pods-Invest Trial.release.xcconfig */;
			buildSettings = {
				ASSETCATALOG_COMPILER_APPICON_NAME = AppIcon;
				ASSETCATALOG_COMPILER_GLOBAL_ACCENT_COLOR_NAME = AccentColor;
				CODE_SIGN_STYLE = Automatic;
				CURRENT_PROJECT_VERSION = 1;
				DEVELOPMENT_ASSET_PATHS = "\"Invest Trial/Preview Content\"";
				DEVELOPMENT_TEAM = F6G9374LLZ;
				ENABLE_PREVIEWS = YES;
				GENERATE_INFOPLIST_FILE = YES;
				INFOPLIST_KEY_UIApplicationSceneManifest_Generation = YES;
				INFOPLIST_KEY_UIApplicationSupportsIndirectInputEvents = YES;
				INFOPLIST_KEY_UILaunchScreen_Generation = YES;
				INFOPLIST_KEY_UISupportedInterfaceOrientations_iPad = "UIInterfaceOrientationPortrait UIInterfaceOrientationPortraitUpsideDown UIInterfaceOrientationLandscapeLeft UIInterfaceOrientationLandscapeRight";
				INFOPLIST_KEY_UISupportedInterfaceOrientations_iPhone = "UIInterfaceOrientationPortrait UIInterfaceOrientationLandscapeLeft UIInterfaceOrientationLandscapeRight";
				LD_RUNPATH_SEARCH_PATHS = (
					"$(inherited)",
					"@executable_path/Frameworks",
				);
				MARKETING_VERSION = 1.0;
				PRODUCT_BUNDLE_IDENTIFIER = "com.techno.-Invest.Invest-Trial";
				PRODUCT_NAME = "$(TARGET_NAME)";
				SWIFT_EMIT_LOC_STRINGS = YES;
				SWIFT_VERSION = 5.0;
				TARGETED_DEVICE_FAMILY = "1,2";
			};
			name = Release;
		};
		90260BCA2AC17127001269D9 /* Debug */ = {
			isa = XCBuildConfiguration;
			baseConfigurationReference = C6B840890F6B0F0BCE0D2C7B /* Pods-Invest TrialTests.debug.xcconfig */;
			buildSettings = {
				ALWAYS_EMBED_SWIFT_STANDARD_LIBRARIES = YES;
				BUNDLE_LOADER = "$(TEST_HOST)";
				CODE_SIGN_STYLE = Automatic;
				CURRENT_PROJECT_VERSION = 1;
				DEVELOPMENT_TEAM = F6G9374LLZ;
				GENERATE_INFOPLIST_FILE = YES;
				IPHONEOS_DEPLOYMENT_TARGET = 16.2;
				MARKETING_VERSION = 1.0;
				PRODUCT_BUNDLE_IDENTIFIER = "com.techno.-Invest.Invest-TrialTests";
				PRODUCT_NAME = "$(TARGET_NAME)";
				SWIFT_EMIT_LOC_STRINGS = NO;
				SWIFT_VERSION = 5.0;
				TARGETED_DEVICE_FAMILY = "1,2";
				TEST_HOST = "$(BUILT_PRODUCTS_DIR)/Invest Trial.app/$(BUNDLE_EXECUTABLE_FOLDER_PATH)/Invest Trial";
			};
			name = Debug;
		};
		90260BCB2AC17127001269D9 /* Release */ = {
			isa = XCBuildConfiguration;
			baseConfigurationReference = 7B484F6F123675F97720A995 /* Pods-Invest TrialTests.release.xcconfig */;
			buildSettings = {
				ALWAYS_EMBED_SWIFT_STANDARD_LIBRARIES = YES;
				BUNDLE_LOADER = "$(TEST_HOST)";
				CODE_SIGN_STYLE = Automatic;
				CURRENT_PROJECT_VERSION = 1;
				DEVELOPMENT_TEAM = F6G9374LLZ;
				GENERATE_INFOPLIST_FILE = YES;
				IPHONEOS_DEPLOYMENT_TARGET = 16.2;
				MARKETING_VERSION = 1.0;
				PRODUCT_BUNDLE_IDENTIFIER = "com.techno.-Invest.Invest-TrialTests";
				PRODUCT_NAME = "$(TARGET_NAME)";
				SWIFT_EMIT_LOC_STRINGS = NO;
				SWIFT_VERSION = 5.0;
				TARGETED_DEVICE_FAMILY = "1,2";
				TEST_HOST = "$(BUILT_PRODUCTS_DIR)/Invest Trial.app/$(BUNDLE_EXECUTABLE_FOLDER_PATH)/Invest Trial";
			};
			name = Release;
		};
		90260BCD2AC17127001269D9 /* Debug */ = {
			isa = XCBuildConfiguration;
			baseConfigurationReference = 04D49482F28AA941F70902B3 /* Pods-Invest Trial-Invest TrialUITests.debug.xcconfig */;
			buildSettings = {
				ALWAYS_EMBED_SWIFT_STANDARD_LIBRARIES = YES;
				CODE_SIGN_STYLE = Automatic;
				CURRENT_PROJECT_VERSION = 1;
				DEVELOPMENT_TEAM = F6G9374LLZ;
				GENERATE_INFOPLIST_FILE = YES;
				MARKETING_VERSION = 1.0;
				PRODUCT_BUNDLE_IDENTIFIER = "com.techno.-Invest.Invest-TrialUITests";
				PRODUCT_NAME = "$(TARGET_NAME)";
				SWIFT_EMIT_LOC_STRINGS = NO;
				SWIFT_VERSION = 5.0;
				TARGETED_DEVICE_FAMILY = "1,2";
				TEST_TARGET_NAME = "Invest Trial";
			};
			name = Debug;
		};
		90260BCE2AC17127001269D9 /* Release */ = {
			isa = XCBuildConfiguration;
			baseConfigurationReference = 8F976ACB6B2930D705FBDA81 /* Pods-Invest Trial-Invest TrialUITests.release.xcconfig */;
			buildSettings = {
				ALWAYS_EMBED_SWIFT_STANDARD_LIBRARIES = YES;
				CODE_SIGN_STYLE = Automatic;
				CURRENT_PROJECT_VERSION = 1;
				DEVELOPMENT_TEAM = F6G9374LLZ;
				GENERATE_INFOPLIST_FILE = YES;
				MARKETING_VERSION = 1.0;
				PRODUCT_BUNDLE_IDENTIFIER = "com.techno.-Invest.Invest-TrialUITests";
				PRODUCT_NAME = "$(TARGET_NAME)";
				SWIFT_EMIT_LOC_STRINGS = NO;
				SWIFT_VERSION = 5.0;
				TARGETED_DEVICE_FAMILY = "1,2";
				TEST_TARGET_NAME = "Invest Trial";
			};
			name = Release;
		};
/* End XCBuildConfiguration section */

/* Begin XCConfigurationList section */
		90260B982AC17124001269D9 /* Build configuration list for PBXProject "Invest Trial" */ = {
			isa = XCConfigurationList;
			buildConfigurations = (
				90260BC42AC17127001269D9 /* Debug */,
				90260BC52AC17127001269D9 /* Release */,
			);
			defaultConfigurationIsVisible = 0;
			defaultConfigurationName = Release;
		};
		90260BC62AC17127001269D9 /* Build configuration list for PBXNativeTarget "Invest Trial" */ = {
			isa = XCConfigurationList;
			buildConfigurations = (
				90260BC72AC17127001269D9 /* Debug */,
				90260BC82AC17127001269D9 /* Release */,
			);
			defaultConfigurationIsVisible = 0;
			defaultConfigurationName = Release;
		};
		90260BC92AC17127001269D9 /* Build configuration list for PBXNativeTarget "Invest TrialTests" */ = {
			isa = XCConfigurationList;
			buildConfigurations = (
				90260BCA2AC17127001269D9 /* Debug */,
				90260BCB2AC17127001269D9 /* Release */,
			);
			defaultConfigurationIsVisible = 0;
			defaultConfigurationName = Release;
		};
		90260BCC2AC17127001269D9 /* Build configuration list for PBXNativeTarget "Invest TrialUITests" */ = {
			isa = XCConfigurationList;
			buildConfigurations = (
				90260BCD2AC17127001269D9 /* Debug */,
				90260BCE2AC17127001269D9 /* Release */,
			);
			defaultConfigurationIsVisible = 0;
			defaultConfigurationName = Release;
		};
/* End XCConfigurationList section */

/* Begin XCVersionGroup section */
		90260BAB2AC17127001269D9 /* Invest_Trial.xcdatamodeld */ = {
			isa = XCVersionGroup;
			children = (
				90260BAC2AC17127001269D9 /* Invest_Trial.xcdatamodel */,
			);
			currentVersion = 90260BAC2AC17127001269D9 /* Invest_Trial.xcdatamodel */;
			path = Invest_Trial.xcdatamodeld;
			sourceTree = "<group>";
			versionGroupType = wrapper.xcdatamodel;
		};
/* End XCVersionGroup section */
	};
	rootObject = 90260B952AC17124001269D9 /* Project object */;
}
